// !$*UTF8*$!
{
	archiveVersion = 1;
	classes = {
	};
	objectVersion = 56;
	objects = {

/* Begin PBXBuildFile section */
		A6A149D62BF25D3000387EC4 /* AppDelegate.swift in Sources */ = {isa = PBXBuildFile; fileRef = A6A149D52BF25D3000387EC4 /* AppDelegate.swift */; };
		A6A149D82BF25D3000387EC4 /* SceneDelegate.swift in Sources */ = {isa = PBXBuildFile; fileRef = A6A149D72BF25D3000387EC4 /* SceneDelegate.swift */; };
		A6A149DD2BF25D3000387EC4 /* Base in Resources */ = {isa = PBXBuildFile; fileRef = A6A149DC2BF25D3000387EC4 /* Base */; };
		A6A149DF2BF25D3200387EC4 /* Assets.xcassets in Resources */ = {isa = PBXBuildFile; fileRef = A6A149DE2BF25D3200387EC4 /* Assets.xcassets */; };
		A6A149E22BF25D3200387EC4 /* Base in Resources */ = {isa = PBXBuildFile; fileRef = A6A149E12BF25D3200387EC4 /* Base */; };
		A6A149F22BF25E4A00387EC4 /* CharactersListViewController.swift in Sources */ = {isa = PBXBuildFile; fileRef = A6A149F12BF25E4A00387EC4 /* CharactersListViewController.swift */; };
		A6A149F42BF25F8100387EC4 /* CharacterDetailsViewController.swift in Sources */ = {isa = PBXBuildFile; fileRef = A6A149F32BF25F8100387EC4 /* CharacterDetailsViewController.swift */; };
		A6A149F62BF25FC600387EC4 /* CharacterTableViewCell.swift in Sources */ = {isa = PBXBuildFile; fileRef = A6A149F52BF25FC600387EC4 /* CharacterTableViewCell.swift */; };
		A6A149F82BF2601000387EC4 /* Character.swift in Sources */ = {isa = PBXBuildFile; fileRef = A6A149F72BF2601000387EC4 /* Character.swift */; };
		A6A149FA2BF2602000387EC4 /* NetworkManager.swift in Sources */ = {isa = PBXBuildFile; fileRef = A6A149F92BF2602000387EC4 /* NetworkManager.swift */; };
/* End PBXBuildFile section */

/* Begin PBXFileReference section */
		A6A149D22BF25D3000387EC4 /* Heroes.app */ = {isa = PBXFileReference; explicitFileType = wrapper.application; includeInIndex = 0; path = Heroes.app; sourceTree = BUILT_PRODUCTS_DIR; };
		A6A149D52BF25D3000387EC4 /* AppDelegate.swift */ = {isa = PBXFileReference; lastKnownFileType = sourcecode.swift; path = AppDelegate.swift; sourceTree = "<group>"; };
		A6A149D72BF25D3000387EC4 /* SceneDelegate.swift */ = {isa = PBXFileReference; lastKnownFileType = sourcecode.swift; path = SceneDelegate.swift; sourceTree = "<group>"; };
		A6A149DC2BF25D3000387EC4 /* Base */ = {isa = PBXFileReference; lastKnownFileType = file.storyboard; name = Base; path = Base.lproj/Main.storyboard; sourceTree = "<group>"; };
		A6A149DE2BF25D3200387EC4 /* Assets.xcassets */ = {isa = PBXFileReference; lastKnownFileType = folder.assetcatalog; path = Assets.xcassets; sourceTree = "<group>"; };
		A6A149E12BF25D3200387EC4 /* Base */ = {isa = PBXFileReference; lastKnownFileType = file.storyboard; name = Base; path = Base.lproj/LaunchScreen.storyboard; sourceTree = "<group>"; };
		A6A149E32BF25D3200387EC4 /* Info.plist */ = {isa = PBXFileReference; lastKnownFileType = text.plist.xml; path = Info.plist; sourceTree = "<group>"; };
		A6A149F12BF25E4A00387EC4 /* CharactersListViewController.swift */ = {isa = PBXFileReference; lastKnownFileType = sourcecode.swift; path = CharactersListViewController.swift; sourceTree = "<group>"; };
		A6A149F32BF25F8100387EC4 /* CharacterDetailsViewController.swift */ = {isa = PBXFileReference; lastKnownFileType = sourcecode.swift; path = CharacterDetailsViewController.swift; sourceTree = "<group>"; };
		A6A149F52BF25FC600387EC4 /* CharacterTableViewCell.swift */ = {isa = PBXFileReference; lastKnownFileType = sourcecode.swift; path = CharacterTableViewCell.swift; sourceTree = "<group>"; };
		A6A149F72BF2601000387EC4 /* Character.swift */ = {isa = PBXFileReference; lastKnownFileType = sourcecode.swift; path = Character.swift; sourceTree = "<group>"; };
		A6A149F92BF2602000387EC4 /* NetworkManager.swift */ = {isa = PBXFileReference; lastKnownFileType = sourcecode.swift; path = NetworkManager.swift; sourceTree = "<group>"; };
/* End PBXFileReference section */

/* Begin PBXFrameworksBuildPhase section */
		A6A149CF2BF25D3000387EC4 /* Frameworks */ = {
			isa = PBXFrameworksBuildPhase;
			buildActionMask = 2147483647;
			files = (
			);
			runOnlyForDeploymentPostprocessing = 0;
		};
/* End PBXFrameworksBuildPhase section */

/* Begin PBXGroup section */
		A6A149C92BF25D3000387EC4 = {
			isa = PBXGroup;
			children = (
				A6A149D42BF25D3000387EC4 /* Heroes */,
				A6A149D32BF25D3000387EC4 /* Products */,
			);
			sourceTree = "<group>";
		};
		A6A149D32BF25D3000387EC4 /* Products */ = {
			isa = PBXGroup;
			children = (
				A6A149D22BF25D3000387EC4 /* Heroes.app */,
			);
			name = Products;
			sourceTree = "<group>";
		};
		A6A149D42BF25D3000387EC4 /* Heroes */ = {
			isa = PBXGroup;
			children = (
				A6A149EE2BF25DB000387EC4 /* Views */,
				A6A149ED2BF25D9400387EC4 /* Services */,
				A6A149EC2BF25D8A00387EC4 /* Models */,
				A6A149EB2BF25D7A00387EC4 /* ViewContollers */,
				A6A149EA2BF25D5900387EC4 /* Storyboards */,
				A6A149E92BF25D4900387EC4 /* App */,
				A6A149DE2BF25D3200387EC4 /* Assets.xcassets */,
			);
			path = Heroes;
			sourceTree = "<group>";
		};
		A6A149E92BF25D4900387EC4 /* App */ = {
			isa = PBXGroup;
			children = (
				A6A149D52BF25D3000387EC4 /* AppDelegate.swift */,
				A6A149D72BF25D3000387EC4 /* SceneDelegate.swift */,
				A6A149E32BF25D3200387EC4 /* Info.plist */,
			);
			path = App;
			sourceTree = "<group>";
		};
		A6A149EA2BF25D5900387EC4 /* Storyboards */ = {
			isa = PBXGroup;
			children = (
				A6A149DB2BF25D3000387EC4 /* Main.storyboard */,
				A6A149E02BF25D3200387EC4 /* LaunchScreen.storyboard */,
			);
			path = Storyboards;
			sourceTree = "<group>";
		};
		A6A149EB2BF25D7A00387EC4 /* ViewContollers */ = {
			isa = PBXGroup;
			children = (
				A6A149F12BF25E4A00387EC4 /* CharactersListViewController.swift */,
				A6A149F32BF25F8100387EC4 /* CharacterDetailsViewController.swift */,
			);
			path = ViewContollers;
			sourceTree = "<group>";
		};
		A6A149EC2BF25D8A00387EC4 /* Models */ = {
			isa = PBXGroup;
			children = (
				A6A149F72BF2601000387EC4 /* Character.swift */,
			);
			path = Models;
			sourceTree = "<group>";
		};
		A6A149ED2BF25D9400387EC4 /* Services */ = {
			isa = PBXGroup;
			children = (
				A6A149F92BF2602000387EC4 /* NetworkManager.swift */,
			);
			path = Services;
			sourceTree = "<group>";
		};
		A6A149EE2BF25DB000387EC4 /* Views */ = {
			isa = PBXGroup;
			children = (
				A6A149F52BF25FC600387EC4 /* CharacterTableViewCell.swift */,
			);
			path = Views;
			sourceTree = "<group>";
		};
/* End PBXGroup section */

/* Begin PBXNativeTarget section */
		A6A149D12BF25D3000387EC4 /* Heroes */ = {
			isa = PBXNativeTarget;
			buildConfigurationList = A6A149E62BF25D3200387EC4 /* Build configuration list for PBXNativeTarget "Heroes" */;
			buildPhases = (
				A6A149CE2BF25D3000387EC4 /* Sources */,
				A6A149CF2BF25D3000387EC4 /* Frameworks */,
				A6A149D02BF25D3000387EC4 /* Resources */,
			);
			buildRules = (
			);
			dependencies = (
			);
			name = Heroes;
			packageProductDependencies = (
			);
			productName = Heroes;
			productReference = A6A149D22BF25D3000387EC4 /* Heroes.app */;
			productType = "com.apple.product-type.application";
		};
/* End PBXNativeTarget section */

/* Begin PBXProject section */
		A6A149CA2BF25D3000387EC4 /* Project object */ = {
			isa = PBXProject;
			attributes = {
				BuildIndependentTargetsInParallel = 1;
				LastSwiftUpdateCheck = 1530;
				LastUpgradeCheck = 1530;
				TargetAttributes = {
					A6A149D12BF25D3000387EC4 = {
						CreatedOnToolsVersion = 15.3;
					};
				};
			};
			buildConfigurationList = A6A149CD2BF25D3000387EC4 /* Build configuration list for PBXProject "Heroes" */;
			compatibilityVersion = "Xcode 14.0";
			developmentRegion = en;
			hasScannedForEncodings = 0;
			knownRegions = (
				en,
				Base,
			);
			mainGroup = A6A149C92BF25D3000387EC4;
			packageReferences = (
				A6E53F802BF2987E004A3B55 /* XCRemoteSwiftPackageReference "Kingfisher" */,
			);
			productRefGroup = A6A149D32BF25D3000387EC4 /* Products */;
			projectDirPath = "";
			projectRoot = "";
			targets = (
				A6A149D12BF25D3000387EC4 /* Heroes */,
			);
		};
/* End PBXProject section */

/* Begin PBXResourcesBuildPhase section */
		A6A149D02BF25D3000387EC4 /* Resources */ = {
			isa = PBXResourcesBuildPhase;
			buildActionMask = 2147483647;
			files = (
				A6A149DF2BF25D3200387EC4 /* Assets.xcassets in Resources */,
				A6A149E22BF25D3200387EC4 /* Base in Resources */,
				A6A149DD2BF25D3000387EC4 /* Base in Resources */,
			);
			runOnlyForDeploymentPostprocessing = 0;
		};
/* End PBXResourcesBuildPhase section */

/* Begin PBXSourcesBuildPhase section */
		A6A149CE2BF25D3000387EC4 /* Sources */ = {
			isa = PBXSourcesBuildPhase;
			buildActionMask = 2147483647;
			files = (
				A6A149F42BF25F8100387EC4 /* CharacterDetailsViewController.swift in Sources */,
				A6A149D62BF25D3000387EC4 /* AppDelegate.swift in Sources */,
				A6A149D82BF25D3000387EC4 /* SceneDelegate.swift in Sources */,
				A6A149FA2BF2602000387EC4 /* NetworkManager.swift in Sources */,
				A6A149F22BF25E4A00387EC4 /* CharactersListViewController.swift in Sources */,
				A6A149F62BF25FC600387EC4 /* CharacterTableViewCell.swift in Sources */,
				A6A149F82BF2601000387EC4 /* Character.swift in Sources */,
			);
			runOnlyForDeploymentPostprocessing = 0;
		};
/* End PBXSourcesBuildPhase section */

/* Begin PBXVariantGroup section */
		A6A149DB2BF25D3000387EC4 /* Main.storyboard */ = {
			isa = PBXVariantGroup;
			children = (
				A6A149DC2BF25D3000387EC4 /* Base */,
			);
			name = Main.storyboard;
			sourceTree = "<group>";
		};
		A6A149E02BF25D3200387EC4 /* LaunchScreen.storyboard */ = {
			isa = PBXVariantGroup;
			children = (
				A6A149E12BF25D3200387EC4 /* Base */,
			);
			name = LaunchScreen.storyboard;
			sourceTree = "<group>";
		};
/* End PBXVariantGroup section */

/* Begin XCBuildConfiguration section */
		A6A149E42BF25D3200387EC4 /* Debug */ = {
			isa = XCBuildConfiguration;
			buildSettings = {
				ALWAYS_SEARCH_USER_PATHS = NO;
				ASSETCATALOG_COMPILER_GENERATE_SWIFT_ASSET_SYMBOL_EXTENSIONS = YES;
				CLANG_ANALYZER_NONNULL = YES;
				CLANG_ANALYZER_NUMBER_OBJECT_CONVERSION = YES_AGGRESSIVE;
				CLANG_CXX_LANGUAGE_STANDARD = "gnu++20";
				CLANG_ENABLE_MODULES = YES;
				CLANG_ENABLE_OBJC_ARC = YES;
				CLANG_ENABLE_OBJC_WEAK = YES;
				CLANG_WARN_BLOCK_CAPTURE_AUTORELEASING = YES;
				CLANG_WARN_BOOL_CONVERSION = YES;
				CLANG_WARN_COMMA = YES;
				CLANG_WARN_CONSTANT_CONVERSION = YES;
				CLANG_WARN_DEPRECATED_OBJC_IMPLEMENTATIONS = YES;
				CLANG_WARN_DIRECT_OBJC_ISA_USAGE = YES_ERROR;
				CLANG_WARN_DOCUMENTATION_COMMENTS = YES;
				CLANG_WARN_EMPTY_BODY = YES;
				CLANG_WARN_ENUM_CONVERSION = YES;
				CLANG_WARN_INFINITE_RECURSION = YES;
				CLANG_WARN_INT_CONVERSION = YES;
				CLANG_WARN_NON_LITERAL_NULL_CONVERSION = YES;
				CLANG_WARN_OBJC_IMPLICIT_RETAIN_SELF = YES;
				CLANG_WARN_OBJC_LITERAL_CONVERSION = YES;
				CLANG_WARN_OBJC_ROOT_CLASS = YES_ERROR;
				CLANG_WARN_QUOTED_INCLUDE_IN_FRAMEWORK_HEADER = YES;
				CLANG_WARN_RANGE_LOOP_ANALYSIS = YES;
				CLANG_WARN_STRICT_PROTOTYPES = YES;
				CLANG_WARN_SUSPICIOUS_MOVE = YES;
				CLANG_WARN_UNGUARDED_AVAILABILITY = YES_AGGRESSIVE;
				CLANG_WARN_UNREACHABLE_CODE = YES;
				CLANG_WARN__DUPLICATE_METHOD_MATCH = YES;
				COPY_PHASE_STRIP = NO;
				DEBUG_INFORMATION_FORMAT = dwarf;
				ENABLE_STRICT_OBJC_MSGSEND = YES;
				ENABLE_TESTABILITY = YES;
				ENABLE_USER_SCRIPT_SANDBOXING = YES;
				GCC_C_LANGUAGE_STANDARD = gnu17;
				GCC_DYNAMIC_NO_PIC = NO;
				GCC_NO_COMMON_BLOCKS = YES;
				GCC_OPTIMIZATION_LEVEL = 0;
				GCC_PREPROCESSOR_DEFINITIONS = (
					"DEBUG=1",
					"$(inherited)",
				);
				GCC_WARN_64_TO_32_BIT_CONVERSION = YES;
				GCC_WARN_ABOUT_RETURN_TYPE = YES_ERROR;
				GCC_WARN_UNDECLARED_SELECTOR = YES;
				GCC_WARN_UNINITIALIZED_AUTOS = YES_AGGRESSIVE;
				GCC_WARN_UNUSED_FUNCTION = YES;
				GCC_WARN_UNUSED_VARIABLE = YES;
				IPHONEOS_DEPLOYMENT_TARGET = 17.4;
				LOCALIZATION_PREFERS_STRING_CATALOGS = YES;
				MTL_ENABLE_DEBUG_INFO = INCLUDE_SOURCE;
				MTL_FAST_MATH = YES;
				ONLY_ACTIVE_ARCH = YES;
				SDKROOT = iphoneos;
				SWIFT_ACTIVE_COMPILATION_CONDITIONS = "DEBUG $(inherited)";
				SWIFT_OPTIMIZATION_LEVEL = "-Onone";
			};
			name = Debug;
		};
		A6A149E52BF25D3200387EC4 /* Release */ = {
			isa = XCBuildConfiguration;
			buildSettings = {
				ALWAYS_SEARCH_USER_PATHS = NO;
				ASSETCATALOG_COMPILER_GENERATE_SWIFT_ASSET_SYMBOL_EXTENSIONS = YES;
				CLANG_ANALYZER_NONNULL = YES;
				CLANG_ANALYZER_NUMBER_OBJECT_CONVERSION = YES_AGGRESSIVE;
				CLANG_CXX_LANGUAGE_STANDARD = "gnu++20";
				CLANG_ENABLE_MODULES = YES;
				CLANG_ENABLE_OBJC_ARC = YES;
				CLANG_ENABLE_OBJC_WEAK = YES;
				CLANG_WARN_BLOCK_CAPTURE_AUTORELEASING = YES;
				CLANG_WARN_BOOL_CONVERSION = YES;
				CLANG_WARN_COMMA = YES;
				CLANG_WARN_CONSTANT_CONVERSION = YES;
				CLANG_WARN_DEPRECATED_OBJC_IMPLEMENTATIONS = YES;
				CLANG_WARN_DIRECT_OBJC_ISA_USAGE = YES_ERROR;
				CLANG_WARN_DOCUMENTATION_COMMENTS = YES;
				CLANG_WARN_EMPTY_BODY = YES;
				CLANG_WARN_ENUM_CONVERSION = YES;
				CLANG_WARN_INFINITE_RECURSION = YES;
				CLANG_WARN_INT_CONVERSION = YES;
				CLANG_WARN_NON_LITERAL_NULL_CONVERSION = YES;
				CLANG_WARN_OBJC_IMPLICIT_RETAIN_SELF = YES;
				CLANG_WARN_OBJC_LITERAL_CONVERSION = YES;
				CLANG_WARN_OBJC_ROOT_CLASS = YES_ERROR;
				CLANG_WARN_QUOTED_INCLUDE_IN_FRAMEWORK_HEADER = YES;
				CLANG_WARN_RANGE_LOOP_ANALYSIS = YES;
				CLANG_WARN_STRICT_PROTOTYPES = YES;
				CLANG_WARN_SUSPICIOUS_MOVE = YES;
				CLANG_WARN_UNGUARDED_AVAILABILITY = YES_AGGRESSIVE;
				CLANG_WARN_UNREACHABLE_CODE = YES;
				CLANG_WARN__DUPLICATE_METHOD_MATCH = YES;
				COPY_PHASE_STRIP = NO;
				DEBUG_INFORMATION_FORMAT = "dwarf-with-dsym";
				ENABLE_NS_ASSERTIONS = NO;
				ENABLE_STRICT_OBJC_MSGSEND = YES;
				ENABLE_USER_SCRIPT_SANDBOXING = YES;
				GCC_C_LANGUAGE_STANDARD = gnu17;
				GCC_NO_COMMON_BLOCKS = YES;
				GCC_WARN_64_TO_32_BIT_CONVERSION = YES;
				GCC_WARN_ABOUT_RETURN_TYPE = YES_ERROR;
				GCC_WARN_UNDECLARED_SELECTOR = YES;
				GCC_WARN_UNINITIALIZED_AUTOS = YES_AGGRESSIVE;
				GCC_WARN_UNUSED_FUNCTION = YES;
				GCC_WARN_UNUSED_VARIABLE = YES;
				IPHONEOS_DEPLOYMENT_TARGET = 17.4;
				LOCALIZATION_PREFERS_STRING_CATALOGS = YES;
				MTL_ENABLE_DEBUG_INFO = NO;
				MTL_FAST_MATH = YES;
				SDKROOT = iphoneos;
				SWIFT_COMPILATION_MODE = wholemodule;
				VALIDATE_PRODUCT = YES;
			};
			name = Release;
		};
		A6A149E72BF25D3200387EC4 /* Debug */ = {
			isa = XCBuildConfiguration;
			buildSettings = {
				ASSETCATALOG_COMPILER_APPICON_NAME = AppIcon;
				ASSETCATALOG_COMPILER_GLOBAL_ACCENT_COLOR_NAME = AccentColor;
				CODE_SIGN_STYLE = Automatic;
				CURRENT_PROJECT_VERSION = 1;
				DEVELOPMENT_TEAM = QWFP724LYK;
				GENERATE_INFOPLIST_FILE = YES;
				INFOPLIST_FILE = Heroes/App/Info.plist;
				INFOPLIST_KEY_UIApplicationSupportsIndirectInputEvents = YES;
				INFOPLIST_KEY_UILaunchStoryboardName = LaunchScreen;
				INFOPLIST_KEY_UIMainStoryboardFile = Main;
				INFOPLIST_KEY_UISupportedInterfaceOrientations = UIInterfaceOrientationPortrait;
				INFOPLIST_KEY_UISupportedInterfaceOrientations_iPad = "UIInterfaceOrientationLandscapeLeft UIInterfaceOrientationLandscapeRight UIInterfaceOrientationPortrait UIInterfaceOrientationPortraitUpsideDown";
				LD_RUNPATH_SEARCH_PATHS = (
					"$(inherited)",
					"@executable_path/Frameworks",
				);
				MARKETING_VERSION = 1.0;
				PRODUCT_BUNDLE_IDENTIFIER = apple.Heroes;
				PRODUCT_NAME = "$(TARGET_NAME)";
				SUPPORTED_PLATFORMS = "iphoneos iphonesimulator";
				SUPPORTS_MACCATALYST = NO;
				SUPPORTS_MAC_DESIGNED_FOR_IPHONE_IPAD = NO;
				SUPPORTS_XR_DESIGNED_FOR_IPHONE_IPAD = NO;
				SWIFT_EMIT_LOC_STRINGS = YES;
				SWIFT_VERSION = 5.0;
				TARGETED_DEVICE_FAMILY = 1;
			};
			name = Debug;
		};
		A6A149E82BF25D3200387EC4 /* Release */ = {
			isa = XCBuildConfiguration;
			buildSettings = {
				ASSETCATALOG_COMPILER_APPICON_NAME = AppIcon;
				ASSETCATALOG_COMPILER_GLOBAL_ACCENT_COLOR_NAME = AccentColor;
				CODE_SIGN_STYLE = Automatic;
				CURRENT_PROJECT_VERSION = 1;
				DEVELOPMENT_TEAM = QWFP724LYK;
				GENERATE_INFOPLIST_FILE = YES;
				INFOPLIST_FILE = Heroes/App/Info.plist;
				INFOPLIST_KEY_UIApplicationSupportsIndirectInputEvents = YES;
				INFOPLIST_KEY_UILaunchStoryboardName = LaunchScreen;
				INFOPLIST_KEY_UIMainStoryboardFile = Main;
				INFOPLIST_KEY_UISupportedInterfaceOrientations = UIInterfaceOrientationPortrait;
				INFOPLIST_KEY_UISupportedInterfaceOrientations_iPad = "UIInterfaceOrientationLandscapeLeft UIInterfaceOrientationLandscapeRight UIInterfaceOrientationPortrait UIInterfaceOrientationPortraitUpsideDown";
				LD_RUNPATH_SEARCH_PATHS = (
					"$(inherited)",
					"@executable_path/Frameworks",
				);
				MARKETING_VERSION = 1.0;
				PRODUCT_BUNDLE_IDENTIFIER = apple.Heroes;
				PRODUCT_NAME = "$(TARGET_NAME)";
				SUPPORTED_PLATFORMS = "iphoneos iphonesimulator";
				SUPPORTS_MACCATALYST = NO;
				SUPPORTS_MAC_DESIGNED_FOR_IPHONE_IPAD = NO;
				SUPPORTS_XR_DESIGNED_FOR_IPHONE_IPAD = NO;
				SWIFT_EMIT_LOC_STRINGS = YES;
				SWIFT_VERSION = 5.0;
				TARGETED_DEVICE_FAMILY = 1;
			};
			name = Release;
		};
/* End XCBuildConfiguration section */

/* Begin XCConfigurationList section */
		A6A149CD2BF25D3000387EC4 /* Build configuration list for PBXProject "Heroes" */ = {
			isa = XCConfigurationList;
			buildConfigurations = (
				A6A149E42BF25D3200387EC4 /* Debug */,
				A6A149E52BF25D3200387EC4 /* Release */,
			);
			defaultConfigurationIsVisible = 0;
			defaultConfigurationName = Release;
		};
		A6A149E62BF25D3200387EC4 /* Build configuration list for PBXNativeTarget "Heroes" */ = {
			isa = XCConfigurationList;
			buildConfigurations = (
				A6A149E72BF25D3200387EC4 /* Debug */,
				A6A149E82BF25D3200387EC4 /* Release */,
			);
			defaultConfigurationIsVisible = 0;
			defaultConfigurationName = Release;
		};
/* End XCConfigurationList section */

/* Begin XCRemoteSwiftPackageReference section */
		A6E53F802BF2987E004A3B55 /* XCRemoteSwiftPackageReference "Kingfisher" */ = {
			isa = XCRemoteSwiftPackageReference;
			repositoryURL = "https://github.com/onevcat/Kingfisher.git";
			requirement = {
				kind = upToNextMajorVersion;
				minimumVersion = 7.11.0;
			};
		};
/* End XCRemoteSwiftPackageReference section */
	};
	rootObject = A6A149CA2BF25D3000387EC4 /* Project object */;
}
